// !$*UTF8*$!
{
	archiveVersion = 1;
	classes = {
	};
	objectVersion = 48;
	objects = {

/* Begin PBXBuildFile section */
		189C85A2213CE3190008977D /* AppDelegate.m in Sources */ = {isa = PBXBuildFile; fileRef = 189C85A1213CE3190008977D /* AppDelegate.m */; };
		189C85A5213CE3190008977D /* ViewController.m in Sources */ = {isa = PBXBuildFile; fileRef = 189C85A4213CE3190008977D /* ViewController.m */; };
		189C85A8213CE3190008977D /* Main.storyboard in Resources */ = {isa = PBXBuildFile; fileRef = 189C85A6213CE3190008977D /* Main.storyboard */; };
		189C85AA213CE3190008977D /* Assets.xcassets in Resources */ = {isa = PBXBuildFile; fileRef = 189C85A9213CE3190008977D /* Assets.xcassets */; };
		189C85AD213CE3190008977D /* LaunchScreen.storyboard in Resources */ = {isa = PBXBuildFile; fileRef = 189C85AB213CE3190008977D /* LaunchScreen.storyboard */; };
		189C85B0213CE3190008977D /* main.m in Sources */ = {isa = PBXBuildFile; fileRef = 189C85AF213CE3190008977D /* main.m */; };
		189C85BA213CE31A0008977D /* DemoTests.m in Sources */ = {isa = PBXBuildFile; fileRef = 189C85B9213CE31A0008977D /* DemoTests.m */; };
		189C85C5213CE31A0008977D /* DemoUITests.m in Sources */ = {isa = PBXBuildFile; fileRef = 189C85C4213CE31A0008977D /* DemoUITests.m */; };
		189C85D6213CE4BA0008977D /* MainViewController.m in Sources */ = {isa = PBXBuildFile; fileRef = 189C85D5213CE4BA0008977D /* MainViewController.m */; };
/* End PBXBuildFile section */

/* Begin PBXContainerItemProxy section */
		189C85B6213CE31A0008977D /* PBXContainerItemProxy */ = {
			isa = PBXContainerItemProxy;
			containerPortal = 189C8595213CE3190008977D /* Project object */;
			proxyType = 1;
			remoteGlobalIDString = 189C859C213CE3190008977D;
			remoteInfo = Demo;
		};
		189C85C1213CE31A0008977D /* PBXContainerItemProxy */ = {
			isa = PBXContainerItemProxy;
			containerPortal = 189C8595213CE3190008977D /* Project object */;
			proxyType = 1;
			remoteGlobalIDString = 189C859C213CE3190008977D;
			remoteInfo = Demo;
		};
/* End PBXContainerItemProxy section */

/* Begin PBXFileReference section */
		189C859D213CE3190008977D /* Demo.app */ = {isa = PBXFileReference; explicitFileType = wrapper.application; includeInIndex = 0; path = Demo.app; sourceTree = BUILT_PRODUCTS_DIR; };
		189C85A0213CE3190008977D /* AppDelegate.h */ = {isa = PBXFileReference; lastKnownFileType = sourcecode.c.h; path = AppDelegate.h; sourceTree = "<group>"; };
		189C85A1213CE3190008977D /* AppDelegate.m */ = {isa = PBXFileReference; lastKnownFileType = sourcecode.c.objc; path = AppDelegate.m; sourceTree = "<group>"; };
		189C85A3213CE3190008977D /* ViewController.h */ = {isa = PBXFileReference; lastKnownFileType = sourcecode.c.h; path = ViewController.h; sourceTree = "<group>"; };
		189C85A4213CE3190008977D /* ViewController.m */ = {isa = PBXFileReference; lastKnownFileType = sourcecode.c.objc; path = ViewController.m; sourceTree = "<group>"; };
		189C85A7213CE3190008977D /* Base */ = {isa = PBXFileReference; lastKnownFileType = file.storyboard; name = Base; path = Base.lproj/Main.storyboard; sourceTree = "<group>"; };
		189C85A9213CE3190008977D /* Assets.xcassets */ = {isa = PBXFileReference; lastKnownFileType = folder.assetcatalog; path = Assets.xcassets; sourceTree = "<group>"; };
		189C85AC213CE3190008977D /* Base */ = {isa = PBXFileReference; lastKnownFileType = file.storyboard; name = Base; path = Base.lproj/LaunchScreen.storyboard; sourceTree = "<group>"; };
		189C85AE213CE3190008977D /* Info.plist */ = {isa = PBXFileReference; lastKnownFileType = text.plist.xml; path = Info.plist; sourceTree = "<group>"; };
		189C85AF213CE3190008977D /* main.m */ = {isa = PBXFileReference; lastKnownFileType = sourcecode.c.objc; path = main.m; sourceTree = "<group>"; };
		189C85B5213CE31A0008977D /* DemoTests.xctest */ = {isa = PBXFileReference; explicitFileType = wrapper.cfbundle; includeInIndex = 0; path = DemoTests.xctest; sourceTree = BUILT_PRODUCTS_DIR; };
		189C85B9213CE31A0008977D /* DemoTests.m */ = {isa = PBXFileReference; lastKnownFileType = sourcecode.c.objc; path = DemoTests.m; sourceTree = "<group>"; };
		189C85BB213CE31A0008977D /* Info.plist */ = {isa = PBXFileReference; lastKnownFileType = text.plist.xml; path = Info.plist; sourceTree = "<group>"; };
		189C85C0213CE31A0008977D /* DemoUITests.xctest */ = {isa = PBXFileReference; explicitFileType = wrapper.cfbundle; includeInIndex = 0; path = DemoUITests.xctest; sourceTree = BUILT_PRODUCTS_DIR; };
		189C85C4213CE31A0008977D /* DemoUITests.m */ = {isa = PBXFileReference; lastKnownFileType = sourcecode.c.objc; path = DemoUITests.m; sourceTree = "<group>"; };
		189C85C6213CE31A0008977D /* Info.plist */ = {isa = PBXFileReference; lastKnownFileType = text.plist.xml; path = Info.plist; sourceTree = "<group>"; };
		189C85D4213CE4BA0008977D /* MainViewController.h */ = {isa = PBXFileReference; lastKnownFileType = sourcecode.c.h; path = MainViewController.h; sourceTree = "<group>"; };
		189C85D5213CE4BA0008977D /* MainViewController.m */ = {isa = PBXFileReference; lastKnownFileType = sourcecode.c.objc; path = MainViewController.m; sourceTree = "<group>"; };
/* End PBXFileReference section */

/* Begin PBXFrameworksBuildPhase section */
		189C859A213CE3190008977D /* Frameworks */ = {
			isa = PBXFrameworksBuildPhase;
			buildActionMask = 2147483647;
			files = (
			);
			runOnlyForDeploymentPostprocessing = 0;
		};
		189C85B2213CE31A0008977D /* Frameworks */ = {
			isa = PBXFrameworksBuildPhase;
			buildActionMask = 2147483647;
			files = (
			);
			runOnlyForDeploymentPostprocessing = 0;
		};
		189C85BD213CE31A0008977D /* Frameworks */ = {
			isa = PBXFrameworksBuildPhase;
			buildActionMask = 2147483647;
			files = (
			);
			runOnlyForDeploymentPostprocessing = 0;
		};
/* End PBXFrameworksBuildPhase section */

/* Begin PBXGroup section */
		189C8594213CE3190008977D = {
			isa = PBXGroup;
			children = (
				189C859F213CE3190008977D /* Demo */,
				189C85B8213CE31A0008977D /* DemoTests */,
				189C85C3213CE31A0008977D /* DemoUITests */,
				189C859E213CE3190008977D /* Products */,
			);
			sourceTree = "<group>";
		};
		189C859E213CE3190008977D /* Products */ = {
			isa = PBXGroup;
			children = (
				189C859D213CE3190008977D /* Demo.app */,
				189C85B5213CE31A0008977D /* DemoTests.xctest */,
				189C85C0213CE31A0008977D /* DemoUITests.xctest */,
			);
			name = Products;
			sourceTree = "<group>";
		};
		189C859F213CE3190008977D /* Demo */ = {
			isa = PBXGroup;
			children = (
				189C85AE213CE3190008977D /* Info.plist */,
				189C85D3213CE3FE0008977D /* Main */,
				189C85D2213CE3F20008977D /* Demo1 */,
			);
			path = Demo;
			sourceTree = "<group>";
		};
		189C85B8213CE31A0008977D /* DemoTests */ = {
			isa = PBXGroup;
			children = (
				189C85B9213CE31A0008977D /* DemoTests.m */,
				189C85BB213CE31A0008977D /* Info.plist */,
			);
			path = DemoTests;
			sourceTree = "<group>";
		};
		189C85C3213CE31A0008977D /* DemoUITests */ = {
			isa = PBXGroup;
			children = (
				189C85C4213CE31A0008977D /* DemoUITests.m */,
				189C85C6213CE31A0008977D /* Info.plist */,
			);
			path = DemoUITests;
			sourceTree = "<group>";
		};
		189C85D2213CE3F20008977D /* Demo1 */ = {
			isa = PBXGroup;
			children = (
				189C85D4213CE4BA0008977D /* MainViewController.h */,
				189C85D5213CE4BA0008977D /* MainViewController.m */,
			);
			path = Demo1;
			sourceTree = "<group>";
		};
		189C85D3213CE3FE0008977D /* Main */ = {
			isa = PBXGroup;
			children = (
				189C85A0213CE3190008977D /* AppDelegate.h */,
				189C85A1213CE3190008977D /* AppDelegate.m */,
				189C85A3213CE3190008977D /* ViewController.h */,
				189C85A4213CE3190008977D /* ViewController.m */,
				189C85A6213CE3190008977D /* Main.storyboard */,
				189C85A9213CE3190008977D /* Assets.xcassets */,
				189C85AB213CE3190008977D /* LaunchScreen.storyboard */,
				189C85AF213CE3190008977D /* main.m */,
			);
			path = Main;
			sourceTree = "<group>";
		};
/* End PBXGroup section */

/* Begin PBXNativeTarget section */
		189C859C213CE3190008977D /* Demo */ = {
			isa = PBXNativeTarget;
			buildConfigurationList = 189C85C9213CE31A0008977D /* Build configuration list for PBXNativeTarget "Demo" */;
			buildPhases = (
				189C8599213CE3190008977D /* Sources */,
				189C859A213CE3190008977D /* Frameworks */,
				189C859B213CE3190008977D /* Resources */,
			);
			buildRules = (
			);
			dependencies = (
			);
			name = Demo;
			productName = Demo;
			productReference = 189C859D213CE3190008977D /* Demo.app */;
			productType = "com.apple.product-type.application";
		};
		189C85B4213CE31A0008977D /* DemoTests */ = {
			isa = PBXNativeTarget;
			buildConfigurationList = 189C85CC213CE31A0008977D /* Build configuration list for PBXNativeTarget "DemoTests" */;
			buildPhases = (
				189C85B1213CE31A0008977D /* Sources */,
				189C85B2213CE31A0008977D /* Frameworks */,
				189C85B3213CE31A0008977D /* Resources */,
			);
			buildRules = (
			);
			dependencies = (
				189C85B7213CE31A0008977D /* PBXTargetDependency */,
			);
			name = DemoTests;
			productName = DemoTests;
			productReference = 189C85B5213CE31A0008977D /* DemoTests.xctest */;
			productType = "com.apple.product-type.bundle.unit-test";
		};
		189C85BF213CE31A0008977D /* DemoUITests */ = {
			isa = PBXNativeTarget;
			buildConfigurationList = 189C85CF213CE31A0008977D /* Build configuration list for PBXNativeTarget "DemoUITests" */;
			buildPhases = (
				189C85BC213CE31A0008977D /* Sources */,
				189C85BD213CE31A0008977D /* Frameworks */,
				189C85BE213CE31A0008977D /* Resources */,
			);
			buildRules = (
			);
			dependencies = (
				189C85C2213CE31A0008977D /* PBXTargetDependency */,
			);
			name = DemoUITests;
			productName = DemoUITests;
			productReference = 189C85C0213CE31A0008977D /* DemoUITests.xctest */;
			productType = "com.apple.product-type.bundle.ui-testing";
		};
/* End PBXNativeTarget section */

/* Begin PBXProject section */
		189C8595213CE3190008977D /* Project object */ = {
			isa = PBXProject;
			attributes = {
				LastUpgradeCheck = 0920;
				ORGANIZATIONNAME = Apple;
				TargetAttributes = {
					189C859C213CE3190008977D = {
						CreatedOnToolsVersion = 9.2;
						ProvisioningStyle = Automatic;
					};
					189C85B4213CE31A0008977D = {
						CreatedOnToolsVersion = 9.2;
						ProvisioningStyle = Automatic;
						TestTargetID = 189C859C213CE3190008977D;
					};
					189C85BF213CE31A0008977D = {
						CreatedOnToolsVersion = 9.2;
						ProvisioningStyle = Automatic;
						TestTargetID = 189C859C213CE3190008977D;
					};
				};
			};
			buildConfigurationList = 189C8598213CE3190008977D /* Build configuration list for PBXProject "Demo" */;
			compatibilityVersion = "Xcode 8.0";
			developmentRegion = en;
			hasScannedForEncodings = 0;
			knownRegions = (
				en,
				Base,
			);
			mainGroup = 189C8594213CE3190008977D;
			productRefGroup = 189C859E213CE3190008977D /* Products */;
			projectDirPath = "";
			projectRoot = "";
			targets = (
				189C859C213CE3190008977D /* Demo */,
				189C85B4213CE31A0008977D /* DemoTests */,
				189C85BF213CE31A0008977D /* DemoUITests */,
			);
		};
/* End PBXProject section */

/* Begin PBXResourcesBuildPhase section */
		189C859B213CE3190008977D /* Resources */ = {
			isa = PBXResourcesBuildPhase;
			buildActionMask = 2147483647;
			files = (
				189C85AD213CE3190008977D /* LaunchScreen.storyboard in Resources */,
				189C85AA213CE3190008977D /* Assets.xcassets in Resources */,
				189C85A8213CE3190008977D /* Main.storyboard in Resources */,
			);
			runOnlyForDeploymentPostprocessing = 0;
		};
		189C85B3213CE31A0008977D /* Resources */ = {
			isa = PBXResourcesBuildPhase;
			buildActionMask = 2147483647;
			files = (
			);
			runOnlyForDeploymentPostprocessing = 0;
		};
		189C85BE213CE31A0008977D /* Resources */ = {
			isa = PBXResourcesBuildPhase;
			buildActionMask = 2147483647;
			files = (
			);
			runOnlyForDeploymentPostprocessing = 0;
		};
/* End PBXResourcesBuildPhase section */

/* Begin PBXSourcesBuildPhase section */
		189C8599213CE3190008977D /* Sources */ = {
			isa = PBXSourcesBuildPhase;
			buildActionMask = 2147483647;
			files = (
				189C85A5213CE3190008977D /* ViewController.m in Sources */,
				189C85B0213CE3190008977D /* main.m in Sources */,
				189C85A2213CE3190008977D /* AppDelegate.m in Sources */,
				189C85D6213CE4BA0008977D /* MainViewController.m in Sources */,
			);
			runOnlyForDeploymentPostprocessing = 0;
		};
		189C85B1213CE31A0008977D /* Sources */ = {
			isa = PBXSourcesBuildPhase;
			buildActionMask = 2147483647;
			files = (
				189C85BA213CE31A0008977D /* DemoTests.m in Sources */,
			);
			runOnlyForDeploymentPostprocessing = 0;
		};
		189C85BC213CE31A0008977D /* Sources */ = {
			isa = PBXSourcesBuildPhase;
			buildActionMask = 2147483647;
			files = (
				189C85C5213CE31A0008977D /* DemoUITests.m in Sources */,
			);
			runOnlyForDeploymentPostprocessing = 0;
		};
/* End PBXSourcesBuildPhase section */

/* Begin PBXTargetDependency section */
		189C85B7213CE31A0008977D /* PBXTargetDependency */ = {
			isa = PBXTargetDependency;
			target = 189C859C213CE3190008977D /* Demo */;
			targetProxy = 189C85B6213CE31A0008977D /* PBXContainerItemProxy */;
		};
		189C85C2213CE31A0008977D /* PBXTargetDependency */ = {
			isa = PBXTargetDependency;
			target = 189C859C213CE3190008977D /* Demo */;
			targetProxy = 189C85C1213CE31A0008977D /* PBXContainerItemProxy */;
		};
/* End PBXTargetDependency section */

/* Begin PBXVariantGroup section */
		189C85A6213CE3190008977D /* Main.storyboard */ = {
			isa = PBXVariantGroup;
			children = (
				189C85A7213CE3190008977D /* Base */,
			);
			name = Main.storyboard;
			sourceTree = "<group>";
		};
		189C85AB213CE3190008977D /* LaunchScreen.storyboard */ = {
			isa = PBXVariantGroup;
			children = (
				189C85AC213CE3190008977D /* Base */,
			);
			name = LaunchScreen.storyboard;
			sourceTree = "<group>";
		};
/* End PBXVariantGroup section */

/* Begin XCBuildConfiguration section */
		189C85C7213CE31A0008977D /* Debug */ = {
			isa = XCBuildConfiguration;
			buildSettings = {
				ALWAYS_SEARCH_USER_PATHS = NO;
				CLANG_ANALYZER_NONNULL = YES;
				CLANG_ANALYZER_NUMBER_OBJECT_CONVERSION = YES_AGGRESSIVE;
				CLANG_CXX_LANGUAGE_STANDARD = "gnu++14";
				CLANG_CXX_LIBRARY = "libc++";
				CLANG_ENABLE_MODULES = YES;
				CLANG_ENABLE_OBJC_ARC = YES;
				CLANG_WARN_BLOCK_CAPTURE_AUTORELEASING = YES;
				CLANG_WARN_BOOL_CONVERSION = YES;
				CLANG_WARN_COMMA = YES;
				CLANG_WARN_CONSTANT_CONVERSION = YES;
				CLANG_WARN_DIRECT_OBJC_ISA_USAGE = YES_ERROR;
				CLANG_WARN_DOCUMENTATION_COMMENTS = YES;
				CLANG_WARN_EMPTY_BODY = YES;
				CLANG_WARN_ENUM_CONVERSION = YES;
				CLANG_WARN_INFINITE_RECURSION = YES;
				CLANG_WARN_INT_CONVERSION = YES;
				CLANG_WARN_NON_LITERAL_NULL_CONVERSION = YES;
				CLANG_WARN_OBJC_LITERAL_CONVERSION = YES;
				CLANG_WARN_OBJC_ROOT_CLASS = YES_ERROR;
				CLANG_WARN_RANGE_LOOP_ANALYSIS = YES;
				CLANG_WARN_STRICT_PROTOTYPES = YES;
				CLANG_WARN_SUSPICIOUS_MOVE = YES;
				CLANG_WARN_UNGUARDED_AVAILABILITY = YES_AGGRESSIVE;
				CLANG_WARN_UNREACHABLE_CODE = YES;
				CLANG_WARN__DUPLICATE_METHOD_MATCH = YES;
				CODE_SIGN_IDENTITY = "iPhone Developer";
				COPY_PHASE_STRIP = NO;
				DEBUG_INFORMATION_FORMAT = dwarf;
				ENABLE_STRICT_OBJC_MSGSEND = YES;
				ENABLE_TESTABILITY = YES;
				GCC_C_LANGUAGE_STANDARD = gnu11;
				GCC_DYNAMIC_NO_PIC = NO;
				GCC_NO_COMMON_BLOCKS = YES;
				GCC_OPTIMIZATION_LEVEL = 0;
				GCC_PREPROCESSOR_DEFINITIONS = (
					"DEBUG=1",
					"$(inherited)",
				);
				GCC_WARN_64_TO_32_BIT_CONVERSION = YES;
				GCC_WARN_ABOUT_RETURN_TYPE = YES_ERROR;
				GCC_WARN_UNDECLARED_SELECTOR = YES;
				GCC_WARN_UNINITIALIZED_AUTOS = YES_AGGRESSIVE;
				GCC_WARN_UNUSED_FUNCTION = YES;
				GCC_WARN_UNUSED_VARIABLE = YES;
				IPHONEOS_DEPLOYMENT_TARGET = 11.2;
				MTL_ENABLE_DEBUG_INFO = YES;
				ONLY_ACTIVE_ARCH = YES;
				SDKROOT = iphoneos;
			};
			name = Debug;
		};
		189C85C8213CE31A0008977D /* Release */ = {
			isa = XCBuildConfiguration;
			buildSettings = {
				ALWAYS_SEARCH_USER_PATHS = NO;
				CLANG_ANALYZER_NONNULL = YES;
				CLANG_ANALYZER_NUMBER_OBJECT_CONVERSION = YES_AGGRESSIVE;
				CLANG_CXX_LANGUAGE_STANDARD = "gnu++14";
				CLANG_CXX_LIBRARY = "libc++";
				CLANG_ENABLE_MODULES = YES;
				CLANG_ENABLE_OBJC_ARC = YES;
				CLANG_WARN_BLOCK_CAPTURE_AUTORELEASING = YES;
				CLANG_WARN_BOOL_CONVERSION = YES;
				CLANG_WARN_COMMA = YES;
				CLANG_WARN_CONSTANT_CONVERSION = YES;
				CLANG_WARN_DIRECT_OBJC_ISA_USAGE = YES_ERROR;
				CLANG_WARN_DOCUMENTATION_COMMENTS = YES;
				CLANG_WARN_EMPTY_BODY = YES;
				CLANG_WARN_ENUM_CONVERSION = YES;
				CLANG_WARN_INFINITE_RECURSION = YES;
				CLANG_WARN_INT_CONVERSION = YES;
				CLANG_WARN_NON_LITERAL_NULL_CONVERSION = YES;
				CLANG_WARN_OBJC_LITERAL_CONVERSION = YES;
				CLANG_WARN_OBJC_ROOT_CLASS = YES_ERROR;
				CLANG_WARN_RANGE_LOOP_ANALYSIS = YES;
				CLANG_WARN_STRICT_PROTOTYPES = YES;
				CLANG_WARN_SUSPICIOUS_MOVE = YES;
				CLANG_WARN_UNGUARDED_AVAILABILITY = YES_AGGRESSIVE;
				CLANG_WARN_UNREACHABLE_CODE = YES;
				CLANG_WARN__DUPLICATE_METHOD_MATCH = YES;
				CODE_SIGN_IDENTITY = "iPhone Developer";
				COPY_PHASE_STRIP = NO;
				DEBUG_INFORMATION_FORMAT = "dwarf-with-dsym";
				ENABLE_NS_ASSERTIONS = NO;
				ENABLE_STRICT_OBJC_MSGSEND = YES;
				GCC_C_LANGUAGE_STANDARD = gnu11;
				GCC_NO_COMMON_BLOCKS = YES;
				GCC_WARN_64_TO_32_BIT_CONVERSION = YES;
				GCC_WARN_ABOUT_RETURN_TYPE = YES_ERROR;
				GCC_WARN_UNDECLARED_SELECTOR = YES;
				GCC_WARN_UNINITIALIZED_AUTOS = YES_AGGRESSIVE;
				GCC_WARN_UNUSED_FUNCTION = YES;
				GCC_WARN_UNUSED_VARIABLE = YES;
				IPHONEOS_DEPLOYMENT_TARGET = 11.2;
				MTL_ENABLE_DEBUG_INFO = NO;
				SDKROOT = iphoneos;
				VALIDATE_PRODUCT = YES;
			};
			name = Release;
		};
		189C85CA213CE31A0008977D /* Debug */ = {
			isa = XCBuildConfiguration;
			buildSettings = {
				ASSETCATALOG_COMPILER_APPICON_NAME = AppIcon;
				CODE_SIGN_STYLE = Automatic;
				DEVELOPMENT_TEAM = 5NGT7FJ4TC;
				INFOPLIST_FILE = Demo/Info.plist;
				LD_RUNPATH_SEARCH_PATHS = "$(inherited) @executable_path/Frameworks";
				PRODUCT_BUNDLE_IDENTIFIER = "-.Demo";
				PRODUCT_NAME = "$(TARGET_NAME)";
				TARGETED_DEVICE_FAMILY = "1,2";
			};
			name = Debug;
		};
		189C85CB213CE31A0008977D /* Release */ = {
			isa = XCBuildConfiguration;
			buildSettings = {
				ASSETCATALOG_COMPILER_APPICON_NAME = AppIcon;
				CODE_SIGN_STYLE = Automatic;
				DEVELOPMENT_TEAM = 5NGT7FJ4TC;
				INFOPLIST_FILE = Demo/Info.plist;
				LD_RUNPATH_SEARCH_PATHS = "$(inherited) @executable_path/Frameworks";
				PRODUCT_BUNDLE_IDENTIFIER = "-.Demo";
				PRODUCT_NAME = "$(TARGET_NAME)";
				TARGETED_DEVICE_FAMILY = "1,2";
			};
			name = Release;
		};
		189C85CD213CE31A0008977D /* Debug */ = {
			isa = XCBuildConfiguration;
			buildSettings = {
				BUNDLE_LOADER = "$(TEST_HOST)";
				CODE_SIGN_STYLE = Automatic;
				DEVELOPMENT_TEAM = 5NGT7FJ4TC;
				INFOPLIST_FILE = DemoTests/Info.plist;
				LD_RUNPATH_SEARCH_PATHS = "$(inherited) @executable_path/Frameworks @loader_path/Frameworks";
				PRODUCT_BUNDLE_IDENTIFIER = "-.DemoTests";
				PRODUCT_NAME = "$(TARGET_NAME)";
				TARGETED_DEVICE_FAMILY = "1,2";
				TEST_HOST = "$(BUILT_PRODUCTS_DIR)/Demo.app/Demo";
			};
			name = Debug;
		};
		189C85CE213CE31A0008977D /* Release */ = {
			isa = XCBuildConfiguration;
			buildSettings = {
				BUNDLE_LOADER = "$(TEST_HOST)";
				CODE_SIGN_STYLE = Automatic;
				DEVELOPMENT_TEAM = 5NGT7FJ4TC;
				INFOPLIST_FILE = DemoTests/Info.plist;
				LD_RUNPATH_SEARCH_PATHS = "$(inherited) @executable_path/Frameworks @loader_path/Frameworks";
				PRODUCT_BUNDLE_IDENTIFIER = "-.DemoTests";
				PRODUCT_NAME = "$(TARGET_NAME)";
				TARGETED_DEVICE_FAMILY = "1,2";
				TEST_HOST = "$(BUILT_PRODUCTS_DIR)/Demo.app/Demo";
			};
			name = Release;
		};
		189C85D0213CE31A0008977D /* Debug */ = {
			isa = XCBuildConfiguration;
			buildSettings = {
				CODE_SIGN_STYLE = Automatic;
				DEVELOPMENT_TEAM = 5NGT7FJ4TC;
				INFOPLIST_FILE = DemoUITests/Info.plist;
				LD_RUNPATH_SEARCH_PATHS = "$(inherited) @executable_path/Frameworks @loader_path/Frameworks";
				PRODUCT_BUNDLE_IDENTIFIER = "-.DemoUITests";
				PRODUCT_NAME = "$(TARGET_NAME)";
				TARGETED_DEVICE_FAMILY = "1,2";
				TEST_TARGET_NAME = Demo;
			};
			name = Debug;
		};
		189C85D1213CE31A0008977D /* Release */ = {
			isa = XCBuildConfiguration;
			buildSettings = {
				CODE_SIGN_STYLE = Automatic;
				DEVELOPMENT_TEAM = 5NGT7FJ4TC;
				INFOPLIST_FILE = DemoUITests/Info.plist;
				LD_RUNPATH_SEARCH_PATHS = "$(inherited) @executable_path/Frameworks @loader_path/Frameworks";
				PRODUCT_BUNDLE_IDENTIFIER = "-.DemoUITests";
				PRODUCT_NAME = "$(TARGET_NAME)";
				TARGETED_DEVICE_FAMILY = "1,2";
				TEST_TARGET_NAME = Demo;
			};
			name = Release;
		};
/* End XCBuildConfiguration section */

/* Begin XCConfigurationList section */
		189C8598213CE3190008977D /* Build configuration list for PBXProject "Demo" */ = {
			isa = XCConfigurationList;
			buildConfigurations = (
				189C85C7213CE31A0008977D /* Debug */,
				189C85C8213CE31A0008977D /* Release */,
			);
			defaultConfigurationIsVisible = 0;
			defaultConfigurationName = Release;
		};
		189C85C9213CE31A0008977D /* Build configuration list for PBXNativeTarget "Demo" */ = {
			isa = XCConfigurationList;
			buildConfigurations = (
				189C85CA213CE31A0008977D /* Debug */,
				189C85CB213CE31A0008977D /* Release */,
			);
			defaultConfigurationIsVisible = 0;
			defaultConfigurationName = Release;
		};
		189C85CC213CE31A0008977D /* Build configuration list for PBXNativeTarget "DemoTests" */ = {
			isa = XCConfigurationList;
			buildConfigurations = (
				189C85CD213CE31A0008977D /* Debug */,
				189C85CE213CE31A0008977D /* Release */,
			);
			defaultConfigurationIsVisible = 0;
			defaultConfigurationName = Release;
		};
		189C85CF213CE31A0008977D /* Build configuration list for PBXNativeTarget "DemoUITests" */ = {
			isa = XCConfigurationList;
			buildConfigurations = (
				189C85D0213CE31A0008977D /* Debug */,
				189C85D1213CE31A0008977D /* Release */,
			);
			defaultConfigurationIsVisible = 0;
			defaultConfigurationName = Release;
		};
/* End XCConfigurationList section */
	};
	rootObject = 189C8595213CE3190008977D /* Project object */;
}
